
Microsoft Visual Studio Solution File, Format Version 12.00
# Visual Studio Version 16
VisualStudioVersion = 16.0.29613.14
MinimumVisualStudioVersion = 10.0.40219.1
Project("{9A19103F-16F7-4668-BE54-9A1E7A4F7556}") = "Curso", "Curso\Curso.csproj", "{9F1589CC-203F-4115-A7D9-1A3EEFBC82D7}"
EndProject
Project("{9A19103F-16F7-4668-BE54-9A1E7A4F7556}") = "CursoAPI", "CursoAPI\CursoAPI.csproj", "{3C4D5772-5BA2-485B-9391-DAF3ACD624EE}"
EndProject
Project("{FAE04EC0-301F-11D3-BF4B-00C04F79EFBC}") = "CursoTest", "CursoTest\CursoTest.csproj", "{809EC0AA-463E-4C0F-9B0D-3BF5BE331A1A}"
EndProject
Global
	GlobalSection(SolutionConfigurationPlatforms) = preSolution
		Debug|Any CPU = Debug|Any CPU
		Release|Any CPU = Release|Any CPU
	EndGlobalSection
	GlobalSection(ProjectConfigurationPlatforms) = postSolution
		{9F1589CC-203F-4115-A7D9-1A3EEFBC82D7}.Debug|Any CPU.ActiveCfg = Debug|Any CPU
		{9F1589CC-203F-4115-A7D9-1A3EEFBC82D7}.Debug|Any CPU.Build.0 = Debug|Any CPU
		{9F1589CC-203F-4115-A7D9-1A3EEFBC82D7}.Release|Any CPU.ActiveCfg = Release|Any CPU
		{9F1589CC-203F-4115-A7D9-1A3EEFBC82D7}.Release|Any CPU.Build.0 = Release|Any CPU
		{3C4D5772-5BA2-485B-9391-DAF3ACD624EE}.Debug|Any CPU.ActiveCfg = Debug|Any CPU
		{3C4D5772-5BA2-485B-9391-DAF3ACD624EE}.Debug|Any CPU.Build.0 = Debug|Any CPU
		{3C4D5772-5BA2-485B-9391-DAF3ACD624EE}.Release|Any CPU.ActiveCfg = Release|Any CPU
		{3C4D5772-5BA2-485B-9391-DAF3ACD624EE}.Release|Any CPU.Build.0 = Release|Any CPU
		{809EC0AA-463E-4C0F-9B0D-3BF5BE331A1A}.Debug|Any CPU.ActiveCfg = Debug|Any CPU
		{809EC0AA-463E-4C0F-9B0D-3BF5BE331A1A}.Debug|Any CPU.Build.0 = Debug|Any CPU
		{809EC0AA-463E-4C0F-9B0D-3BF5BE331A1A}.Release|Any CPU.ActiveCfg = Release|Any CPU
		{809EC0AA-463E-4C0F-9B0D-3BF5BE331A1A}.Release|Any CPU.Build.0 = Release|Any CPU
	EndGlobalSection
	GlobalSection(SolutionProperties) = preSolution
		HideSolutionNode = FALSE
	EndGlobalSection
	GlobalSection(ExtensibilityGlobals) = postSolution
		SolutionGuid = {FBC76A9D-3C3D-4008-B8CF-105CC0D672FD}
	EndGlobalSection
EndGlobal
